// !$*UTF8*$!
{
	archiveVersion = 1;
	classes = {
	};
	objectVersion = 50;
	objects = {

/* Begin PBXBuildFile section */
		54FC7C2206D7A4B1A96354BC /* libPods-ZYScrollView.a in Frameworks */ = {isa = PBXBuildFile; fileRef = 28D41EC14D9E67B3BD992D09 /* libPods-ZYScrollView.a */; };
		622C91622293AB1D003CC6CA /* AppDelegate.m in Sources */ = {isa = PBXBuildFile; fileRef = 622C91612293AB1D003CC6CA /* AppDelegate.m */; };
		622C91652293AB1D003CC6CA /* ViewController.m in Sources */ = {isa = PBXBuildFile; fileRef = 622C91642293AB1D003CC6CA /* ViewController.m */; };
		622C91682293AB1D003CC6CA /* Main.storyboard in Resources */ = {isa = PBXBuildFile; fileRef = 622C91662293AB1D003CC6CA /* Main.storyboard */; };
		622C916A2293AB1F003CC6CA /* Assets.xcassets in Resources */ = {isa = PBXBuildFile; fileRef = 622C91692293AB1F003CC6CA /* Assets.xcassets */; };
		622C916D2293AB1F003CC6CA /* LaunchScreen.storyboard in Resources */ = {isa = PBXBuildFile; fileRef = 622C916B2293AB1F003CC6CA /* LaunchScreen.storyboard */; };
		622C91702293AB1F003CC6CA /* main.m in Sources */ = {isa = PBXBuildFile; fileRef = 622C916F2293AB1F003CC6CA /* main.m */; };
		622C917A2293AB1F003CC6CA /* ZYScrollViewTests.m in Sources */ = {isa = PBXBuildFile; fileRef = 622C91792293AB1F003CC6CA /* ZYScrollViewTests.m */; };
		622C91852293AB1F003CC6CA /* ZYScrollViewUITests.m in Sources */ = {isa = PBXBuildFile; fileRef = 622C91842293AB1F003CC6CA /* ZYScrollViewUITests.m */; };
		622C91972293CDEF003CC6CA /* ViewController2.m in Sources */ = {isa = PBXBuildFile; fileRef = 622C91962293CDEF003CC6CA /* ViewController2.m */; };
		62760EA72293DC5D00DDAE40 /* TableViewController.m in Sources */ = {isa = PBXBuildFile; fileRef = 62760EA62293DC5D00DDAE40 /* TableViewController.m */; };
		72E68041B111BAFC441384B4 /* libPods-ZYScrollViewTests.a in Frameworks */ = {isa = PBXBuildFile; fileRef = AAFC7ADD08F2C29CB31D175D /* libPods-ZYScrollViewTests.a */; };
		F0C7069C17326AD24E68DA71 /* libPods-ZYScrollViewUITests.a in Frameworks */ = {isa = PBXBuildFile; fileRef = 257C79D83A67195BE74C1EC4 /* libPods-ZYScrollViewUITests.a */; };
/* End PBXBuildFile section */

/* Begin PBXContainerItemProxy section */
		622C91762293AB1F003CC6CA /* PBXContainerItemProxy */ = {
			isa = PBXContainerItemProxy;
			containerPortal = 622C91552293AB1D003CC6CA /* Project object */;
			proxyType = 1;
			remoteGlobalIDString = 622C915C2293AB1D003CC6CA;
			remoteInfo = ZYScrollView;
		};
		622C91812293AB1F003CC6CA /* PBXContainerItemProxy */ = {
			isa = PBXContainerItemProxy;
			containerPortal = 622C91552293AB1D003CC6CA /* Project object */;
			proxyType = 1;
			remoteGlobalIDString = 622C915C2293AB1D003CC6CA;
			remoteInfo = ZYScrollView;
		};
/* End PBXContainerItemProxy section */

/* Begin PBXFileReference section */
		257C79D83A67195BE74C1EC4 /* libPods-ZYScrollViewUITests.a */ = {isa = PBXFileReference; explicitFileType = archive.ar; includeInIndex = 0; path = "libPods-ZYScrollViewUITests.a"; sourceTree = BUILT_PRODUCTS_DIR; };
		28D41EC14D9E67B3BD992D09 /* libPods-ZYScrollView.a */ = {isa = PBXFileReference; explicitFileType = archive.ar; includeInIndex = 0; path = "libPods-ZYScrollView.a"; sourceTree = BUILT_PRODUCTS_DIR; };
		622C915D2293AB1D003CC6CA /* ZYScrollView.app */ = {isa = PBXFileReference; explicitFileType = wrapper.application; includeInIndex = 0; path = ZYScrollView.app; sourceTree = BUILT_PRODUCTS_DIR; };
		622C91602293AB1D003CC6CA /* AppDelegate.h */ = {isa = PBXFileReference; lastKnownFileType = sourcecode.c.h; path = AppDelegate.h; sourceTree = "<group>"; };
		622C91612293AB1D003CC6CA /* AppDelegate.m */ = {isa = PBXFileReference; lastKnownFileType = sourcecode.c.objc; path = AppDelegate.m; sourceTree = "<group>"; };
		622C91632293AB1D003CC6CA /* ViewController.h */ = {isa = PBXFileReference; lastKnownFileType = sourcecode.c.h; path = ViewController.h; sourceTree = "<group>"; };
		622C91642293AB1D003CC6CA /* ViewController.m */ = {isa = PBXFileReference; lastKnownFileType = sourcecode.c.objc; path = ViewController.m; sourceTree = "<group>"; };
		622C91672293AB1D003CC6CA /* Base */ = {isa = PBXFileReference; lastKnownFileType = file.storyboard; name = Base; path = Base.lproj/Main.storyboard; sourceTree = "<group>"; };
		622C91692293AB1F003CC6CA /* Assets.xcassets */ = {isa = PBXFileReference; lastKnownFileType = folder.assetcatalog; path = Assets.xcassets; sourceTree = "<group>"; };
		622C916C2293AB1F003CC6CA /* Base */ = {isa = PBXFileReference; lastKnownFileType = file.storyboard; name = Base; path = Base.lproj/LaunchScreen.storyboard; sourceTree = "<group>"; };
		622C916E2293AB1F003CC6CA /* Info.plist */ = {isa = PBXFileReference; lastKnownFileType = text.plist.xml; path = Info.plist; sourceTree = "<group>"; };
		622C916F2293AB1F003CC6CA /* main.m */ = {isa = PBXFileReference; lastKnownFileType = sourcecode.c.objc; path = main.m; sourceTree = "<group>"; };
		622C91752293AB1F003CC6CA /* ZYScrollViewTests.xctest */ = {isa = PBXFileReference; explicitFileType = wrapper.cfbundle; includeInIndex = 0; path = ZYScrollViewTests.xctest; sourceTree = BUILT_PRODUCTS_DIR; };
		622C91792293AB1F003CC6CA /* ZYScrollViewTests.m */ = {isa = PBXFileReference; lastKnownFileType = sourcecode.c.objc; path = ZYScrollViewTests.m; sourceTree = "<group>"; };
		622C917B2293AB1F003CC6CA /* Info.plist */ = {isa = PBXFileReference; lastKnownFileType = text.plist.xml; path = Info.plist; sourceTree = "<group>"; };
		622C91802293AB1F003CC6CA /* ZYScrollViewUITests.xctest */ = {isa = PBXFileReference; explicitFileType = wrapper.cfbundle; includeInIndex = 0; path = ZYScrollViewUITests.xctest; sourceTree = BUILT_PRODUCTS_DIR; };
		622C91842293AB1F003CC6CA /* ZYScrollViewUITests.m */ = {isa = PBXFileReference; lastKnownFileType = sourcecode.c.objc; path = ZYScrollViewUITests.m; sourceTree = "<group>"; };
		622C91862293AB1F003CC6CA /* Info.plist */ = {isa = PBXFileReference; lastKnownFileType = text.plist.xml; path = Info.plist; sourceTree = "<group>"; };
		622C91952293CDEF003CC6CA /* ViewController2.h */ = {isa = PBXFileReference; lastKnownFileType = sourcecode.c.h; path = ViewController2.h; sourceTree = "<group>"; };
		622C91962293CDEF003CC6CA /* ViewController2.m */ = {isa = PBXFileReference; lastKnownFileType = sourcecode.c.objc; path = ViewController2.m; sourceTree = "<group>"; };
		62760EA52293DC5D00DDAE40 /* TableViewController.h */ = {isa = PBXFileReference; lastKnownFileType = sourcecode.c.h; path = TableViewController.h; sourceTree = "<group>"; };
		62760EA62293DC5D00DDAE40 /* TableViewController.m */ = {isa = PBXFileReference; lastKnownFileType = sourcecode.c.objc; path = TableViewController.m; sourceTree = "<group>"; };
		639F0703E94005F1A6B99977 /* Pods-ZYScrollViewUITests.release.xcconfig */ = {isa = PBXFileReference; includeInIndex = 1; lastKnownFileType = text.xcconfig; name = "Pods-ZYScrollViewUITests.release.xcconfig"; path = "Target Support Files/Pods-ZYScrollViewUITests/Pods-ZYScrollViewUITests.release.xcconfig"; sourceTree = "<group>"; };
		9CCBD371EF9F0DB5867ECA05 /* Pods-ZYScrollView.debug.xcconfig */ = {isa = PBXFileReference; includeInIndex = 1; lastKnownFileType = text.xcconfig; name = "Pods-ZYScrollView.debug.xcconfig"; path = "Target Support Files/Pods-ZYScrollView/Pods-ZYScrollView.debug.xcconfig"; sourceTree = "<group>"; };
		9CCD55D52E3B3F5E76CF99B8 /* Pods-ZYScrollViewUITests.debug.xcconfig */ = {isa = PBXFileReference; includeInIndex = 1; lastKnownFileType = text.xcconfig; name = "Pods-ZYScrollViewUITests.debug.xcconfig"; path = "Target Support Files/Pods-ZYScrollViewUITests/Pods-ZYScrollViewUITests.debug.xcconfig"; sourceTree = "<group>"; };
		9F34712EC16C82F840A8CDB2 /* Pods-ZYScrollViewTests.debug.xcconfig */ = {isa = PBXFileReference; includeInIndex = 1; lastKnownFileType = text.xcconfig; name = "Pods-ZYScrollViewTests.debug.xcconfig"; path = "Target Support Files/Pods-ZYScrollViewTests/Pods-ZYScrollViewTests.debug.xcconfig"; sourceTree = "<group>"; };
		AAFC7ADD08F2C29CB31D175D /* libPods-ZYScrollViewTests.a */ = {isa = PBXFileReference; explicitFileType = archive.ar; includeInIndex = 0; path = "libPods-ZYScrollViewTests.a"; sourceTree = BUILT_PRODUCTS_DIR; };
		B016DB4CFF63ADD6F5E96AF2 /* Pods-ZYScrollViewTests.release.xcconfig */ = {isa = PBXFileReference; includeInIndex = 1; lastKnownFileType = text.xcconfig; name = "Pods-ZYScrollViewTests.release.xcconfig"; path = "Target Support Files/Pods-ZYScrollViewTests/Pods-ZYScrollViewTests.release.xcconfig"; sourceTree = "<group>"; };
		FD20D34C68C935029E59C624 /* Pods-ZYScrollView.release.xcconfig */ = {isa = PBXFileReference; includeInIndex = 1; lastKnownFileType = text.xcconfig; name = "Pods-ZYScrollView.release.xcconfig"; path = "Target Support Files/Pods-ZYScrollView/Pods-ZYScrollView.release.xcconfig"; sourceTree = "<group>"; };
/* End PBXFileReference section */

/* Begin PBXFrameworksBuildPhase section */
		622C915A2293AB1D003CC6CA /* Frameworks */ = {
			isa = PBXFrameworksBuildPhase;
			buildActionMask = 2147483647;
			files = (
				54FC7C2206D7A4B1A96354BC /* libPods-ZYScrollView.a in Frameworks */,
			);
			runOnlyForDeploymentPostprocessing = 0;
		};
		622C91722293AB1F003CC6CA /* Frameworks */ = {
			isa = PBXFrameworksBuildPhase;
			buildActionMask = 2147483647;
			files = (
				72E68041B111BAFC441384B4 /* libPods-ZYScrollViewTests.a in Frameworks */,
			);
			runOnlyForDeploymentPostprocessing = 0;
		};
		622C917D2293AB1F003CC6CA /* Frameworks */ = {
			isa = PBXFrameworksBuildPhase;
			buildActionMask = 2147483647;
			files = (
				F0C7069C17326AD24E68DA71 /* libPods-ZYScrollViewUITests.a in Frameworks */,
			);
			runOnlyForDeploymentPostprocessing = 0;
		};
/* End PBXFrameworksBuildPhase section */

/* Begin PBXGroup section */
		622C91542293AB1D003CC6CA = {
			isa = PBXGroup;
			children = (
				622C915F2293AB1D003CC6CA /* ZYScrollView */,
				622C91782293AB1F003CC6CA /* ZYScrollViewTests */,
				622C91832293AB1F003CC6CA /* ZYScrollViewUITests */,
				622C915E2293AB1D003CC6CA /* Products */,
				B1ED0EBF240DB9D491E6B9DD /* Pods */,
				99C22043B35C7161C644D41C /* Frameworks */,
			);
			sourceTree = "<group>";
		};
		622C915E2293AB1D003CC6CA /* Products */ = {
			isa = PBXGroup;
			children = (
				622C915D2293AB1D003CC6CA /* ZYScrollView.app */,
				622C91752293AB1F003CC6CA /* ZYScrollViewTests.xctest */,
				622C91802293AB1F003CC6CA /* ZYScrollViewUITests.xctest */,
			);
			name = Products;
			sourceTree = "<group>";
		};
		622C915F2293AB1D003CC6CA /* ZYScrollView */ = {
			isa = PBXGroup;
			children = (
				622C91602293AB1D003CC6CA /* AppDelegate.h */,
				622C91612293AB1D003CC6CA /* AppDelegate.m */,
				622C91632293AB1D003CC6CA /* ViewController.h */,
				622C91642293AB1D003CC6CA /* ViewController.m */,
				622C91952293CDEF003CC6CA /* ViewController2.h */,
				622C91962293CDEF003CC6CA /* ViewController2.m */,
				62760EA52293DC5D00DDAE40 /* TableViewController.h */,
				62760EA62293DC5D00DDAE40 /* TableViewController.m */,
				622C91662293AB1D003CC6CA /* Main.storyboard */,
				622C91692293AB1F003CC6CA /* Assets.xcassets */,
				622C916B2293AB1F003CC6CA /* LaunchScreen.storyboard */,
				622C916E2293AB1F003CC6CA /* Info.plist */,
				622C916F2293AB1F003CC6CA /* main.m */,
			);
			path = ZYScrollView;
			sourceTree = "<group>";
		};
		622C91782293AB1F003CC6CA /* ZYScrollViewTests */ = {
			isa = PBXGroup;
			children = (
				622C91792293AB1F003CC6CA /* ZYScrollViewTests.m */,
				622C917B2293AB1F003CC6CA /* Info.plist */,
			);
			path = ZYScrollViewTests;
			sourceTree = "<group>";
		};
		622C91832293AB1F003CC6CA /* ZYScrollViewUITests */ = {
			isa = PBXGroup;
			children = (
				622C91842293AB1F003CC6CA /* ZYScrollViewUITests.m */,
				622C91862293AB1F003CC6CA /* Info.plist */,
			);
			path = ZYScrollViewUITests;
			sourceTree = "<group>";
		};
		99C22043B35C7161C644D41C /* Frameworks */ = {
			isa = PBXGroup;
			children = (
				28D41EC14D9E67B3BD992D09 /* libPods-ZYScrollView.a */,
				AAFC7ADD08F2C29CB31D175D /* libPods-ZYScrollViewTests.a */,
				257C79D83A67195BE74C1EC4 /* libPods-ZYScrollViewUITests.a */,
			);
			name = Frameworks;
			sourceTree = "<group>";
		};
		B1ED0EBF240DB9D491E6B9DD /* Pods */ = {
			isa = PBXGroup;
			children = (
				9CCBD371EF9F0DB5867ECA05 /* Pods-ZYScrollView.debug.xcconfig */,
				FD20D34C68C935029E59C624 /* Pods-ZYScrollView.release.xcconfig */,
				9F34712EC16C82F840A8CDB2 /* Pods-ZYScrollViewTests.debug.xcconfig */,
				B016DB4CFF63ADD6F5E96AF2 /* Pods-ZYScrollViewTests.release.xcconfig */,
				9CCD55D52E3B3F5E76CF99B8 /* Pods-ZYScrollViewUITests.debug.xcconfig */,
				639F0703E94005F1A6B99977 /* Pods-ZYScrollViewUITests.release.xcconfig */,
			);
			path = Pods;
			sourceTree = "<group>";
		};
/* End PBXGroup section */

/* Begin PBXNativeTarget section */
		622C915C2293AB1D003CC6CA /* ZYScrollView */ = {
			isa = PBXNativeTarget;
			buildConfigurationList = 622C91892293AB1F003CC6CA /* Build configuration list for PBXNativeTarget "ZYScrollView" */;
			buildPhases = (
				8683B7F520D3B8CCE9690632 /* [CP] Check Pods Manifest.lock */,
				622C91592293AB1D003CC6CA /* Sources */,
				622C915A2293AB1D003CC6CA /* Frameworks */,
				622C915B2293AB1D003CC6CA /* Resources */,
				9680AC33FCA6732E67E5127B /* [CP] Copy Pods Resources */,
			);
			buildRules = (
			);
			dependencies = (
			);
			name = ZYScrollView;
			productName = ZYScrollView;
			productReference = 622C915D2293AB1D003CC6CA /* ZYScrollView.app */;
			productType = "com.apple.product-type.application";
		};
		622C91742293AB1F003CC6CA /* ZYScrollViewTests */ = {
			isa = PBXNativeTarget;
			buildConfigurationList = 622C918C2293AB1F003CC6CA /* Build configuration list for PBXNativeTarget "ZYScrollViewTests" */;
			buildPhases = (
				0FCE8D9B472BBC43C212BEFB /* [CP] Check Pods Manifest.lock */,
				622C91712293AB1F003CC6CA /* Sources */,
				622C91722293AB1F003CC6CA /* Frameworks */,
				622C91732293AB1F003CC6CA /* Resources */,
			);
			buildRules = (
			);
			dependencies = (
				622C91772293AB1F003CC6CA /* PBXTargetDependency */,
			);
			name = ZYScrollViewTests;
			productName = ZYScrollViewTests;
			productReference = 622C91752293AB1F003CC6CA /* ZYScrollViewTests.xctest */;
			productType = "com.apple.product-type.bundle.unit-test";
		};
		622C917F2293AB1F003CC6CA /* ZYScrollViewUITests */ = {
			isa = PBXNativeTarget;
			buildConfigurationList = 622C918F2293AB1F003CC6CA /* Build configuration list for PBXNativeTarget "ZYScrollViewUITests" */;
			buildPhases = (
				1CA30E502D53B777598F5E9D /* [CP] Check Pods Manifest.lock */,
				622C917C2293AB1F003CC6CA /* Sources */,
				622C917D2293AB1F003CC6CA /* Frameworks */,
				622C917E2293AB1F003CC6CA /* Resources */,
			);
			buildRules = (
			);
			dependencies = (
				622C91822293AB1F003CC6CA /* PBXTargetDependency */,
			);
			name = ZYScrollViewUITests;
			productName = ZYScrollViewUITests;
			productReference = 622C91802293AB1F003CC6CA /* ZYScrollViewUITests.xctest */;
			productType = "com.apple.product-type.bundle.ui-testing";
		};
/* End PBXNativeTarget section */

/* Begin PBXProject section */
		622C91552293AB1D003CC6CA /* Project object */ = {
			isa = PBXProject;
			attributes = {
				LastUpgradeCheck = 1020;
				ORGANIZATIONNAME = zhouyu;
				TargetAttributes = {
					622C915C2293AB1D003CC6CA = {
						CreatedOnToolsVersion = 10.2.1;
					};
					622C91742293AB1F003CC6CA = {
						CreatedOnToolsVersion = 10.2.1;
						TestTargetID = 622C915C2293AB1D003CC6CA;
					};
					622C917F2293AB1F003CC6CA = {
						CreatedOnToolsVersion = 10.2.1;
						TestTargetID = 622C915C2293AB1D003CC6CA;
					};
				};
			};
			buildConfigurationList = 622C91582293AB1D003CC6CA /* Build configuration list for PBXProject "ZYScrollView" */;
			compatibilityVersion = "Xcode 9.3";
			developmentRegion = en;
			hasScannedForEncodings = 0;
			knownRegions = (
				en,
				Base,
			);
			mainGroup = 622C91542293AB1D003CC6CA;
			productRefGroup = 622C915E2293AB1D003CC6CA /* Products */;
			projectDirPath = "";
			projectRoot = "";
			targets = (
				622C915C2293AB1D003CC6CA /* ZYScrollView */,
				622C91742293AB1F003CC6CA /* ZYScrollViewTests */,
				622C917F2293AB1F003CC6CA /* ZYScrollViewUITests */,
			);
		};
/* End PBXProject section */

/* Begin PBXResourcesBuildPhase section */
		622C915B2293AB1D003CC6CA /* Resources */ = {
			isa = PBXResourcesBuildPhase;
			buildActionMask = 2147483647;
			files = (
				622C916D2293AB1F003CC6CA /* LaunchScreen.storyboard in Resources */,
				622C916A2293AB1F003CC6CA /* Assets.xcassets in Resources */,
				622C91682293AB1D003CC6CA /* Main.storyboard in Resources */,
			);
			runOnlyForDeploymentPostprocessing = 0;
		};
		622C91732293AB1F003CC6CA /* Resources */ = {
			isa = PBXResourcesBuildPhase;
			buildActionMask = 2147483647;
			files = (
			);
			runOnlyForDeploymentPostprocessing = 0;
		};
		622C917E2293AB1F003CC6CA /* Resources */ = {
			isa = PBXResourcesBuildPhase;
			buildActionMask = 2147483647;
			files = (
			);
			runOnlyForDeploymentPostprocessing = 0;
		};
/* End PBXResourcesBuildPhase section */

/* Begin PBXShellScriptBuildPhase section */
		0FCE8D9B472BBC43C212BEFB /* [CP] Check Pods Manifest.lock */ = {
			isa = PBXShellScriptBuildPhase;
			buildActionMask = 2147483647;
			files = (
			);
			inputFileListPaths = (
			);
			inputPaths = (
				"${PODS_PODFILE_DIR_PATH}/Podfile.lock",
				"${PODS_ROOT}/Manifest.lock",
			);
			name = "[CP] Check Pods Manifest.lock";
			outputFileListPaths = (
			);
			outputPaths = (
				"$(DERIVED_FILE_DIR)/Pods-ZYScrollViewTests-checkManifestLockResult.txt",
			);
			runOnlyForDeploymentPostprocessing = 0;
			shellPath = /bin/sh;
			shellScript = "diff \"${PODS_PODFILE_DIR_PATH}/Podfile.lock\" \"${PODS_ROOT}/Manifest.lock\" > /dev/null\nif [ $? != 0 ] ; then\n    # print error to STDERR\n    echo \"error: The sandbox is not in sync with the Podfile.lock. Run 'pod install' or update your CocoaPods installation.\" >&2\n    exit 1\nfi\n# This output is used by Xcode 'outputs' to avoid re-running this script phase.\necho \"SUCCESS\" > \"${SCRIPT_OUTPUT_FILE_0}\"\n";
			showEnvVarsInLog = 0;
		};
		1CA30E502D53B777598F5E9D /* [CP] Check Pods Manifest.lock */ = {
			isa = PBXShellScriptBuildPhase;
			buildActionMask = 2147483647;
			files = (
			);
			inputFileListPaths = (
			);
			inputPaths = (
				"${PODS_PODFILE_DIR_PATH}/Podfile.lock",
				"${PODS_ROOT}/Manifest.lock",
			);
			name = "[CP] Check Pods Manifest.lock";
			outputFileListPaths = (
			);
			outputPaths = (
				"$(DERIVED_FILE_DIR)/Pods-ZYScrollViewUITests-checkManifestLockResult.txt",
			);
			runOnlyForDeploymentPostprocessing = 0;
			shellPath = /bin/sh;
			shellScript = "diff \"${PODS_PODFILE_DIR_PATH}/Podfile.lock\" \"${PODS_ROOT}/Manifest.lock\" > /dev/null\nif [ $? != 0 ] ; then\n    # print error to STDERR\n    echo \"error: The sandbox is not in sync with the Podfile.lock. Run 'pod install' or update your CocoaPods installation.\" >&2\n    exit 1\nfi\n# This output is used by Xcode 'outputs' to avoid re-running this script phase.\necho \"SUCCESS\" > \"${SCRIPT_OUTPUT_FILE_0}\"\n";
			showEnvVarsInLog = 0;
		};
		8683B7F520D3B8CCE9690632 /* [CP] Check Pods Manifest.lock */ = {
			isa = PBXShellScriptBuildPhase;
			buildActionMask = 2147483647;
			files = (
			);
			inputFileListPaths = (
			);
			inputPaths = (
				"${PODS_PODFILE_DIR_PATH}/Podfile.lock",
				"${PODS_ROOT}/Manifest.lock",
			);
			name = "[CP] Check Pods Manifest.lock";
			outputFileListPaths = (
			);
			outputPaths = (
				"$(DERIVED_FILE_DIR)/Pods-ZYScrollView-checkManifestLockResult.txt",
			);
			runOnlyForDeploymentPostprocessing = 0;
			shellPath = /bin/sh;
			shellScript = "diff \"${PODS_PODFILE_DIR_PATH}/Podfile.lock\" \"${PODS_ROOT}/Manifest.lock\" > /dev/null\nif [ $? != 0 ] ; then\n    # print error to STDERR\n    echo \"error: The sandbox is not in sync with the Podfile.lock. Run 'pod install' or update your CocoaPods installation.\" >&2\n    exit 1\nfi\n# This output is used by Xcode 'outputs' to avoid re-running this script phase.\necho \"SUCCESS\" > \"${SCRIPT_OUTPUT_FILE_0}\"\n";
			showEnvVarsInLog = 0;
		};
		9680AC33FCA6732E67E5127B /* [CP] Copy Pods Resources */ = {
			isa = PBXShellScriptBuildPhase;
			buildActionMask = 2147483647;
			files = (
			);
			inputFileListPaths = (
			);
			inputPaths = (
				"${PODS_ROOT}/Target Support Files/Pods-ZYScrollView/Pods-ZYScrollView-resources.sh",
				"${PODS_ROOT}/MJRefresh/MJRefresh/MJRefresh.bundle",
			);
			name = "[CP] Copy Pods Resources";
			outputFileListPaths = (
			);
			outputPaths = (
				"${TARGET_BUILD_DIR}/${UNLOCALIZED_RESOURCES_FOLDER_PATH}/MJRefresh.bundle",
			);
			runOnlyForDeploymentPostprocessing = 0;
			shellPath = /bin/sh;
			shellScript = "\"${PODS_ROOT}/Target Support Files/Pods-ZYScrollView/Pods-ZYScrollView-resources.sh\"\n";
			showEnvVarsInLog = 0;
		};
/* End PBXShellScriptBuildPhase section */

/* Begin PBXSourcesBuildPhase section */
		622C91592293AB1D003CC6CA /* Sources */ = {
			isa = PBXSourcesBuildPhase;
			buildActionMask = 2147483647;
			files = (
				622C91652293AB1D003CC6CA /* ViewController.m in Sources */,
				622C91972293CDEF003CC6CA /* ViewController2.m in Sources */,
				622C91702293AB1F003CC6CA /* main.m in Sources */,
				62760EA72293DC5D00DDAE40 /* TableViewController.m in Sources */,
				622C91622293AB1D003CC6CA /* AppDelegate.m in Sources */,
			);
			runOnlyForDeploymentPostprocessing = 0;
		};
		622C91712293AB1F003CC6CA /* Sources */ = {
			isa = PBXSourcesBuildPhase;
			buildActionMask = 2147483647;
			files = (
				622C917A2293AB1F003CC6CA /* ZYScrollViewTests.m in Sources */,
			);
			runOnlyForDeploymentPostprocessing = 0;
		};
		622C917C2293AB1F003CC6CA /* Sources */ = {
			isa = PBXSourcesBuildPhase;
			buildActionMask = 2147483647;
			files = (
				622C91852293AB1F003CC6CA /* ZYScrollViewUITests.m in Sources */,
			);
			runOnlyForDeploymentPostprocessing = 0;
		};
/* End PBXSourcesBuildPhase section */

/* Begin PBXTargetDependency section */
		622C91772293AB1F003CC6CA /* PBXTargetDependency */ = {
			isa = PBXTargetDependency;
			target = 622C915C2293AB1D003CC6CA /* ZYScrollView */;
			targetProxy = 622C91762293AB1F003CC6CA /* PBXContainerItemProxy */;
		};
		622C91822293AB1F003CC6CA /* PBXTargetDependency */ = {
			isa = PBXTargetDependency;
			target = 622C915C2293AB1D003CC6CA /* ZYScrollView */;
			targetProxy = 622C91812293AB1F003CC6CA /* PBXContainerItemProxy */;
		};
/* End PBXTargetDependency section */

/* Begin PBXVariantGroup section */
		622C91662293AB1D003CC6CA /* Main.storyboard */ = {
			isa = PBXVariantGroup;
			children = (
				622C91672293AB1D003CC6CA /* Base */,
			);
			name = Main.storyboard;
			sourceTree = "<group>";
		};
		622C916B2293AB1F003CC6CA /* LaunchScreen.storyboard */ = {
			isa = PBXVariantGroup;
			children = (
				622C916C2293AB1F003CC6CA /* Base */,
			);
			name = LaunchScreen.storyboard;
			sourceTree = "<group>";
		};
/* End PBXVariantGroup section */

/* Begin XCBuildConfiguration section */
		622C91872293AB1F003CC6CA /* Debug */ = {
			isa = XCBuildConfiguration;
			buildSettings = {
				ALWAYS_SEARCH_USER_PATHS = NO;
				CLANG_ANALYZER_NONNULL = YES;
				CLANG_ANALYZER_NUMBER_OBJECT_CONVERSION = YES_AGGRESSIVE;
				CLANG_CXX_LANGUAGE_STANDARD = "gnu++14";
				CLANG_CXX_LIBRARY = "libc++";
				CLANG_ENABLE_MODULES = YES;
				CLANG_ENABLE_OBJC_ARC = YES;
				CLANG_ENABLE_OBJC_WEAK = YES;
				CLANG_WARN_BLOCK_CAPTURE_AUTORELEASING = YES;
				CLANG_WARN_BOOL_CONVERSION = YES;
				CLANG_WARN_COMMA = YES;
				CLANG_WARN_CONSTANT_CONVERSION = YES;
				CLANG_WARN_DEPRECATED_OBJC_IMPLEMENTATIONS = YES;
				CLANG_WARN_DIRECT_OBJC_ISA_USAGE = YES_ERROR;
				CLANG_WARN_DOCUMENTATION_COMMENTS = YES;
				CLANG_WARN_EMPTY_BODY = YES;
				CLANG_WARN_ENUM_CONVERSION = YES;
				CLANG_WARN_INFINITE_RECURSION = YES;
				CLANG_WARN_INT_CONVERSION = YES;
				CLANG_WARN_NON_LITERAL_NULL_CONVERSION = YES;
				CLANG_WARN_OBJC_IMPLICIT_RETAIN_SELF = YES;
				CLANG_WARN_OBJC_LITERAL_CONVERSION = YES;
				CLANG_WARN_OBJC_ROOT_CLASS = YES_ERROR;
				CLANG_WARN_RANGE_LOOP_ANALYSIS = YES;
				CLANG_WARN_STRICT_PROTOTYPES = YES;
				CLANG_WARN_SUSPICIOUS_MOVE = YES;
				CLANG_WARN_UNGUARDED_AVAILABILITY = YES_AGGRESSIVE;
				CLANG_WARN_UNREACHABLE_CODE = YES;
				CLANG_WARN__DUPLICATE_METHOD_MATCH = YES;
				CODE_SIGN_IDENTITY = "iPhone Developer";
				COPY_PHASE_STRIP = NO;
				DEBUG_INFORMATION_FORMAT = dwarf;
				ENABLE_STRICT_OBJC_MSGSEND = YES;
				ENABLE_TESTABILITY = YES;
				GCC_C_LANGUAGE_STANDARD = gnu11;
				GCC_DYNAMIC_NO_PIC = NO;
				GCC_NO_COMMON_BLOCKS = YES;
				GCC_OPTIMIZATION_LEVEL = 0;
				GCC_PREPROCESSOR_DEFINITIONS = (
					"DEBUG=1",
					"$(inherited)",
				);
				GCC_WARN_64_TO_32_BIT_CONVERSION = YES;
				GCC_WARN_ABOUT_RETURN_TYPE = YES_ERROR;
				GCC_WARN_UNDECLARED_SELECTOR = YES;
				GCC_WARN_UNINITIALIZED_AUTOS = YES_AGGRESSIVE;
				GCC_WARN_UNUSED_FUNCTION = YES;
				GCC_WARN_UNUSED_VARIABLE = YES;
				IPHONEOS_DEPLOYMENT_TARGET = 12.2;
				MTL_ENABLE_DEBUG_INFO = INCLUDE_SOURCE;
				MTL_FAST_MATH = YES;
				ONLY_ACTIVE_ARCH = YES;
				SDKROOT = iphoneos;
			};
			name = Debug;
		};
		622C91882293AB1F003CC6CA /* Release */ = {
			isa = XCBuildConfiguration;
			buildSettings = {
				ALWAYS_SEARCH_USER_PATHS = NO;
				CLANG_ANALYZER_NONNULL = YES;
				CLANG_ANALYZER_NUMBER_OBJECT_CONVERSION = YES_AGGRESSIVE;
				CLANG_CXX_LANGUAGE_STANDARD = "gnu++14";
				CLANG_CXX_LIBRARY = "libc++";
				CLANG_ENABLE_MODULES = YES;
				CLANG_ENABLE_OBJC_ARC = YES;
				CLANG_ENABLE_OBJC_WEAK = YES;
				CLANG_WARN_BLOCK_CAPTURE_AUTORELEASING = YES;
				CLANG_WARN_BOOL_CONVERSION = YES;
				CLANG_WARN_COMMA = YES;
				CLANG_WARN_CONSTANT_CONVERSION = YES;
				CLANG_WARN_DEPRECATED_OBJC_IMPLEMENTATIONS = YES;
				CLANG_WARN_DIRECT_OBJC_ISA_USAGE = YES_ERROR;
				CLANG_WARN_DOCUMENTATION_COMMENTS = YES;
				CLANG_WARN_EMPTY_BODY = YES;
				CLANG_WARN_ENUM_CONVERSION = YES;
				CLANG_WARN_INFINITE_RECURSION = YES;
				CLANG_WARN_INT_CONVERSION = YES;
				CLANG_WARN_NON_LITERAL_NULL_CONVERSION = YES;
				CLANG_WARN_OBJC_IMPLICIT_RETAIN_SELF = YES;
				CLANG_WARN_OBJC_LITERAL_CONVERSION = YES;
				CLANG_WARN_OBJC_ROOT_CLASS = YES_ERROR;
				CLANG_WARN_RANGE_LOOP_ANALYSIS = YES;
				CLANG_WARN_STRICT_PROTOTYPES = YES;
				CLANG_WARN_SUSPICIOUS_MOVE = YES;
				CLANG_WARN_UNGUARDED_AVAILABILITY = YES_AGGRESSIVE;
				CLANG_WARN_UNREACHABLE_CODE = YES;
				CLANG_WARN__DUPLICATE_METHOD_MATCH = YES;
				CODE_SIGN_IDENTITY = "iPhone Developer";
				COPY_PHASE_STRIP = NO;
				DEBUG_INFORMATION_FORMAT = "dwarf-with-dsym";
				ENABLE_NS_ASSERTIONS = NO;
				ENABLE_STRICT_OBJC_MSGSEND = YES;
				GCC_C_LANGUAGE_STANDARD = gnu11;
				GCC_NO_COMMON_BLOCKS = YES;
				GCC_WARN_64_TO_32_BIT_CONVERSION = YES;
				GCC_WARN_ABOUT_RETURN_TYPE = YES_ERROR;
				GCC_WARN_UNDECLARED_SELECTOR = YES;
				GCC_WARN_UNINITIALIZED_AUTOS = YES_AGGRESSIVE;
				GCC_WARN_UNUSED_FUNCTION = YES;
				GCC_WARN_UNUSED_VARIABLE = YES;
				IPHONEOS_DEPLOYMENT_TARGET = 12.2;
				MTL_ENABLE_DEBUG_INFO = NO;
				MTL_FAST_MATH = YES;
				SDKROOT = iphoneos;
				VALIDATE_PRODUCT = YES;
			};
			name = Release;
		};
		622C918A2293AB1F003CC6CA /* Debug */ = {
			isa = XCBuildConfiguration;
			baseConfigurationReference = 9CCBD371EF9F0DB5867ECA05 /* Pods-ZYScrollView.debug.xcconfig */;
			buildSettings = {
				ASSETCATALOG_COMPILER_APPICON_NAME = AppIcon;
				CODE_SIGN_STYLE = Automatic;
				DEVELOPMENT_TEAM = 5CKSJSE23P;
				INFOPLIST_FILE = ZYScrollView/Info.plist;
				LD_RUNPATH_SEARCH_PATHS = (
					"$(inherited)",
					"@executable_path/Frameworks",
				);
				PRODUCT_BUNDLE_IDENTIFIER = www.vocoor.com.ZYScrollView;
				PRODUCT_NAME = "$(TARGET_NAME)";
				TARGETED_DEVICE_FAMILY = "1,2";
			};
			name = Debug;
		};
		622C918B2293AB1F003CC6CA /* Release */ = {
			isa = XCBuildConfiguration;
			baseConfigurationReference = FD20D34C68C935029E59C624 /* Pods-ZYScrollView.release.xcconfig */;
			buildSettings = {
				ASSETCATALOG_COMPILER_APPICON_NAME = AppIcon;
				CODE_SIGN_STYLE = Automatic;
				DEVELOPMENT_TEAM = 5CKSJSE23P;
				INFOPLIST_FILE = ZYScrollView/Info.plist;
				LD_RUNPATH_SEARCH_PATHS = (
					"$(inherited)",
					"@executable_path/Frameworks",
				);
				PRODUCT_BUNDLE_IDENTIFIER = www.vocoor.com.ZYScrollView;
				PRODUCT_NAME = "$(TARGET_NAME)";
				TARGETED_DEVICE_FAMILY = "1,2";
			};
			name = Release;
		};
		622C918D2293AB1F003CC6CA /* Debug */ = {
			isa = XCBuildConfiguration;
			baseConfigurationReference = 9F34712EC16C82F840A8CDB2 /* Pods-ZYScrollViewTests.debug.xcconfig */;
			buildSettings = {
				BUNDLE_LOADER = "$(TEST_HOST)";
				CODE_SIGN_STYLE = Automatic;
				INFOPLIST_FILE = ZYScrollViewTests/Info.plist;
				LD_RUNPATH_SEARCH_PATHS = (
					"$(inherited)",
					"@executable_path/Frameworks",
					"@loader_path/Frameworks",
				);
				PRODUCT_BUNDLE_IDENTIFIER = www.vocoor.com.ZYScrollViewTests;
				PRODUCT_NAME = "$(TARGET_NAME)";
				TARGETED_DEVICE_FAMILY = "1,2";
				TEST_HOST = "$(BUILT_PRODUCTS_DIR)/ZYScrollView.app/ZYScrollView";
			};
			name = Debug;
		};
		622C918E2293AB1F003CC6CA /* Release */ = {
			isa = XCBuildConfiguration;
			baseConfigurationReference = B016DB4CFF63ADD6F5E96AF2 /* Pods-ZYScrollViewTests.release.xcconfig */;
			buildSettings = {
				BUNDLE_LOADER = "$(TEST_HOST)";
				CODE_SIGN_STYLE = Automatic;
				INFOPLIST_FILE = ZYScrollViewTests/Info.plist;
				LD_RUNPATH_SEARCH_PATHS = (
					"$(inherited)",
					"@executable_path/Frameworks",
					"@loader_path/Frameworks",
				);
				PRODUCT_BUNDLE_IDENTIFIER = www.vocoor.com.ZYScrollViewTests;
				PRODUCT_NAME = "$(TARGET_NAME)";
				TARGETED_DEVICE_FAMILY = "1,2";
				TEST_HOST = "$(BUILT_PRODUCTS_DIR)/ZYScrollView.app/ZYScrollView";
			};
			name = Release;
		};
		622C91902293AB1F003CC6CA /* Debug */ = {
			isa = XCBuildConfiguration;
			baseConfigurationReference = 9CCD55D52E3B3F5E76CF99B8 /* Pods-ZYScrollViewUITests.debug.xcconfig */;
			buildSettings = {
				CODE_SIGN_STYLE = Automatic;
				INFOPLIST_FILE = ZYScrollViewUITests/Info.plist;
				LD_RUNPATH_SEARCH_PATHS = (
					"$(inherited)",
					"@executable_path/Frameworks",
					"@loader_path/Frameworks",
				);
				PRODUCT_BUNDLE_IDENTIFIER = www.vocoor.com.ZYScrollViewUITests;
				PRODUCT_NAME = "$(TARGET_NAME)";
				TARGETED_DEVICE_FAMILY = "1,2";
				TEST_TARGET_NAME = ZYScrollView;
			};
			name = Debug;
		};
		622C91912293AB1F003CC6CA /* Release */ = {
			isa = XCBuildConfiguration;
			baseConfigurationReference = 639F0703E94005F1A6B99977 /* Pods-ZYScrollViewUITests.release.xcconfig */;
			buildSettings = {
				CODE_SIGN_STYLE = Automatic;
				INFOPLIST_FILE = ZYScrollViewUITests/Info.plist;
				LD_RUNPATH_SEARCH_PATHS = (
					"$(inherited)",
					"@executable_path/Frameworks",
					"@loader_path/Frameworks",
				);
				PRODUCT_BUNDLE_IDENTIFIER = www.vocoor.com.ZYScrollViewUITests;
				PRODUCT_NAME = "$(TARGET_NAME)";
				TARGETED_DEVICE_FAMILY = "1,2";
				TEST_TARGET_NAME = ZYScrollView;
			};
			name = Release;
		};
/* End XCBuildConfiguration section */

/* Begin XCConfigurationList section */
		622C91582293AB1D003CC6CA /* Build configuration list for PBXProject "ZYScrollView" */ = {
			isa = XCConfigurationList;
			buildConfigurations = (
				622C91872293AB1F003CC6CA /* Debug */,
				622C91882293AB1F003CC6CA /* Release */,
			);
			defaultConfigurationIsVisible = 0;
			defaultConfigurationName = Release;
		};
		622C91892293AB1F003CC6CA /* Build configuration list for PBXNativeTarget "ZYScrollView" */ = {
			isa = XCConfigurationList;
			buildConfigurations = (
				622C918A2293AB1F003CC6CA /* Debug */,
				622C918B2293AB1F003CC6CA /* Release */,
			);
			defaultConfigurationIsVisible = 0;
			defaultConfigurationName = Release;
		};
		622C918C2293AB1F003CC6CA /* Build configuration list for PBXNativeTarget "ZYScrollViewTests" */ = {
			isa = XCConfigurationList;
			buildConfigurations = (
				622C918D2293AB1F003CC6CA /* Debug */,
				622C918E2293AB1F003CC6CA /* Release */,
			);
			defaultConfigurationIsVisible = 0;
			defaultConfigurationName = Release;
		};
		622C918F2293AB1F003CC6CA /* Build configuration list for PBXNativeTarget "ZYScrollViewUITests" */ = {
			isa = XCConfigurationList;
			buildConfigurations = (
				622C91902293AB1F003CC6CA /* Debug */,
				622C91912293AB1F003CC6CA /* Release */,
			);
			defaultConfigurationIsVisible = 0;
			defaultConfigurationName = Release;
		};
/* End XCConfigurationList section */
	};
	rootObject = 622C91552293AB1D003CC6CA /* Project object */;
}
